
Microsoft Visual Studio Solution File, Format Version 12.00
# Visual Studio 15
VisualStudioVersion = 15.0.27130.2003
MinimumVisualStudioVersion = 10.0.40219.1
Project("{FAE04EC0-301F-11D3-BF4B-00C04F79EFBC}") = "StoreAndForward.Owin", "StoreAndForward.Owin\StoreAndForward.Owin.csproj", "{16880348-D3F3-4E12-BBB2-ED16BC07AC66}"
EndProject
Project("{FAE04EC0-301F-11D3-BF4B-00C04F79EFBC}") = "StoreAndForward.Core", "StoreAndForward.Core\StoreAndForward.Core.csproj", "{8D0B9AF8-184E-4412-8C30-573FB082AFB5}"
EndProject
Project("{FAE04EC0-301F-11D3-BF4B-00C04F79EFBC}") = "StoreAndForward.Infrastructure", "StoreAndForward.Infrastructure\StoreAndForward.Infrastructure.csproj", "{F0CAEE4A-6F37-4A4E-B35E-B3ED57CD2A7C}"
EndProject
Project("{FAE04EC0-301F-11D3-BF4B-00C04F79EFBC}") = "StoreAndForward.Infrastructure.Data", "StoreAndForward.Infrastructure.Data\StoreAndForward.Infrastructure.Data.csproj", "{666E23DC-737F-4C29-AAF8-4CDF142AF9B0}"
EndProject
Project("{2150E333-8FDC-42A3-9474-1A3956D46DE8}") = "Core", "Core", "{BC000745-30E4-42AE-8970-F8A866FB6C4B}"
EndProject
Project("{2150E333-8FDC-42A3-9474-1A3956D46DE8}") = "Service", "Service", "{A10EFD7B-C998-4768-A919-EA75E54C391A}"
EndProject
Project("{2150E333-8FDC-42A3-9474-1A3956D46DE8}") = "Infrastructure", "Infrastructure", "{6D60BAF7-BE26-46FD-97F0-A6BD8D8C6926}"
EndProject
Project("{2150E333-8FDC-42A3-9474-1A3956D46DE8}") = "Client", "Client", "{CA80A33E-8C65-4D17-BB70-37C271254FFC}"
EndProject
Project("{FAE04EC0-301F-11D3-BF4B-00C04F79EFBC}") = "StoreAndForward.Client", "StoreAndForward.Client\StoreAndForward.Client.csproj", "{64752095-17E2-4DF6-8DED-7A998C69B907}"
EndProject
Project("{2150E333-8FDC-42A3-9474-1A3956D46DE8}") = "Sample", "Sample", "{62AC380E-6C25-4D4E-9F18-F04E63DE8653}"
EndProject
Project("{FAE04EC0-301F-11D3-BF4B-00C04F79EFBC}") = "StoreAndForward.Sample.Console", "StoreAndForward.Sample.Console\StoreAndForward.Sample.Console.csproj", "{97C555C5-A902-46AA-8F2E-CC068AC020CA}"
EndProject
Project("{9A19103F-16F7-4668-BE54-9A1E7A4F7556}") = "StoreAndForward.Sample.Ui", "StoreAndForward.Sample.Ui\StoreAndForward.Sample.Ui.csproj", "{47CCF7C0-3776-4EDD-8E35-2DE40EF9E9F3}"
EndProject
Project("{FAE04EC0-301F-11D3-BF4B-00C04F79EFBC}") = "StoreAndForward.Service", "StoreAndForward.Service\StoreAndForward.Service.csproj", "{B613D54E-57DE-4E8F-A63D-D6715A30C107}"
EndProject
Global
	GlobalSection(SolutionConfigurationPlatforms) = preSolution
		Debug|Any CPU = Debug|Any CPU
		DRP|Any CPU = DRP|Any CPU
		Release|Any CPU = Release|Any CPU
	EndGlobalSection
	GlobalSection(ProjectConfigurationPlatforms) = postSolution
		{16880348-D3F3-4E12-BBB2-ED16BC07AC66}.Debug|Any CPU.ActiveCfg = Debug|Any CPU
		{16880348-D3F3-4E12-BBB2-ED16BC07AC66}.Debug|Any CPU.Build.0 = Debug|Any CPU
		{16880348-D3F3-4E12-BBB2-ED16BC07AC66}.DRP|Any CPU.ActiveCfg = DRP|Any CPU
		{16880348-D3F3-4E12-BBB2-ED16BC07AC66}.DRP|Any CPU.Build.0 = DRP|Any CPU
		{16880348-D3F3-4E12-BBB2-ED16BC07AC66}.Release|Any CPU.ActiveCfg = Release|Any CPU
		{16880348-D3F3-4E12-BBB2-ED16BC07AC66}.Release|Any CPU.Build.0 = Release|Any CPU
		{8D0B9AF8-184E-4412-8C30-573FB082AFB5}.Debug|Any CPU.ActiveCfg = Debug|Any CPU
		{8D0B9AF8-184E-4412-8C30-573FB082AFB5}.Debug|Any CPU.Build.0 = Debug|Any CPU
		{8D0B9AF8-184E-4412-8C30-573FB082AFB5}.DRP|Any CPU.ActiveCfg = DRP|Any CPU
		{8D0B9AF8-184E-4412-8C30-573FB082AFB5}.DRP|Any CPU.Build.0 = DRP|Any CPU
		{8D0B9AF8-184E-4412-8C30-573FB082AFB5}.Release|Any CPU.ActiveCfg = Release|Any CPU
		{8D0B9AF8-184E-4412-8C30-573FB082AFB5}.Release|Any CPU.Build.0 = Release|Any CPU
		{F0CAEE4A-6F37-4A4E-B35E-B3ED57CD2A7C}.Debug|Any CPU.ActiveCfg = Debug|Any CPU
		{F0CAEE4A-6F37-4A4E-B35E-B3ED57CD2A7C}.Debug|Any CPU.Build.0 = Debug|Any CPU
		{F0CAEE4A-6F37-4A4E-B35E-B3ED57CD2A7C}.DRP|Any CPU.ActiveCfg = DRP|Any CPU
		{F0CAEE4A-6F37-4A4E-B35E-B3ED57CD2A7C}.DRP|Any CPU.Build.0 = DRP|Any CPU
		{F0CAEE4A-6F37-4A4E-B35E-B3ED57CD2A7C}.Release|Any CPU.ActiveCfg = Release|Any CPU
		{F0CAEE4A-6F37-4A4E-B35E-B3ED57CD2A7C}.Release|Any CPU.Build.0 = Release|Any CPU
		{666E23DC-737F-4C29-AAF8-4CDF142AF9B0}.Debug|Any CPU.ActiveCfg = Debug|Any CPU
		{666E23DC-737F-4C29-AAF8-4CDF142AF9B0}.Debug|Any CPU.Build.0 = Debug|Any CPU
		{666E23DC-737F-4C29-AAF8-4CDF142AF9B0}.DRP|Any CPU.ActiveCfg = Debug|Any CPU
		{666E23DC-737F-4C29-AAF8-4CDF142AF9B0}.DRP|Any CPU.Build.0 = Debug|Any CPU
		{666E23DC-737F-4C29-AAF8-4CDF142AF9B0}.Release|Any CPU.ActiveCfg = Release|Any CPU
		{666E23DC-737F-4C29-AAF8-4CDF142AF9B0}.Release|Any CPU.Build.0 = Release|Any CPU
		{64752095-17E2-4DF6-8DED-7A998C69B907}.Debug|Any CPU.ActiveCfg = Debug|Any CPU
		{64752095-17E2-4DF6-8DED-7A998C69B907}.Debug|Any CPU.Build.0 = Debug|Any CPU
		{64752095-17E2-4DF6-8DED-7A998C69B907}.DRP|Any CPU.ActiveCfg = Debug|Any CPU
		{64752095-17E2-4DF6-8DED-7A998C69B907}.DRP|Any CPU.Build.0 = Debug|Any CPU
		{64752095-17E2-4DF6-8DED-7A998C69B907}.Release|Any CPU.ActiveCfg = Release|Any CPU
		{64752095-17E2-4DF6-8DED-7A998C69B907}.Release|Any CPU.Build.0 = Release|Any CPU
		{97C555C5-A902-46AA-8F2E-CC068AC020CA}.Debug|Any CPU.ActiveCfg = Debug|Any CPU
		{97C555C5-A902-46AA-8F2E-CC068AC020CA}.Debug|Any CPU.Build.0 = Debug|Any CPU
		{97C555C5-A902-46AA-8F2E-CC068AC020CA}.DRP|Any CPU.ActiveCfg = Debug|Any CPU
		{97C555C5-A902-46AA-8F2E-CC068AC020CA}.DRP|Any CPU.Build.0 = Debug|Any CPU
		{97C555C5-A902-46AA-8F2E-CC068AC020CA}.Release|Any CPU.ActiveCfg = Release|Any CPU
		{97C555C5-A902-46AA-8F2E-CC068AC020CA}.Release|Any CPU.Build.0 = Release|Any CPU
		{47CCF7C0-3776-4EDD-8E35-2DE40EF9E9F3}.Debug|Any CPU.ActiveCfg = Debug|Any CPU
		{47CCF7C0-3776-4EDD-8E35-2DE40EF9E9F3}.Debug|Any CPU.Build.0 = Debug|Any CPU
		{47CCF7C0-3776-4EDD-8E35-2DE40EF9E9F3}.DRP|Any CPU.ActiveCfg = Debug|Any CPU
		{47CCF7C0-3776-4EDD-8E35-2DE40EF9E9F3}.DRP|Any CPU.Build.0 = Debug|Any CPU
		{47CCF7C0-3776-4EDD-8E35-2DE40EF9E9F3}.Release|Any CPU.ActiveCfg = Release|Any CPU
		{47CCF7C0-3776-4EDD-8E35-2DE40EF9E9F3}.Release|Any CPU.Build.0 = Release|Any CPU
		{B613D54E-57DE-4E8F-A63D-D6715A30C107}.Debug|Any CPU.ActiveCfg = Debug|Any CPU
		{B613D54E-57DE-4E8F-A63D-D6715A30C107}.Debug|Any CPU.Build.0 = Debug|Any CPU
		{B613D54E-57DE-4E8F-A63D-D6715A30C107}.DRP|Any CPU.ActiveCfg = Debug|Any CPU
		{B613D54E-57DE-4E8F-A63D-D6715A30C107}.DRP|Any CPU.Build.0 = Debug|Any CPU
		{B613D54E-57DE-4E8F-A63D-D6715A30C107}.Release|Any CPU.ActiveCfg = Release|Any CPU
		{B613D54E-57DE-4E8F-A63D-D6715A30C107}.Release|Any CPU.Build.0 = Release|Any CPU
	EndGlobalSection
	GlobalSection(SolutionProperties) = preSolution
		HideSolutionNode = FALSE
	EndGlobalSection
	GlobalSection(NestedProjects) = preSolution
		{16880348-D3F3-4E12-BBB2-ED16BC07AC66} = {A10EFD7B-C998-4768-A919-EA75E54C391A}
		{8D0B9AF8-184E-4412-8C30-573FB082AFB5} = {BC000745-30E4-42AE-8970-F8A866FB6C4B}
		{F0CAEE4A-6F37-4A4E-B35E-B3ED57CD2A7C} = {6D60BAF7-BE26-46FD-97F0-A6BD8D8C6926}
		{666E23DC-737F-4C29-AAF8-4CDF142AF9B0} = {6D60BAF7-BE26-46FD-97F0-A6BD8D8C6926}
		{64752095-17E2-4DF6-8DED-7A998C69B907} = {CA80A33E-8C65-4D17-BB70-37C271254FFC}
		{97C555C5-A902-46AA-8F2E-CC068AC020CA} = {62AC380E-6C25-4D4E-9F18-F04E63DE8653}
		{47CCF7C0-3776-4EDD-8E35-2DE40EF9E9F3} = {62AC380E-6C25-4D4E-9F18-F04E63DE8653}
		{B613D54E-57DE-4E8F-A63D-D6715A30C107} = {A10EFD7B-C998-4768-A919-EA75E54C391A}
	EndGlobalSection
	GlobalSection(ExtensibilityGlobals) = postSolution
		SolutionGuid = {10EB8576-5B11-4D59-AB61-8C828E1F5C38}
	EndGlobalSection
EndGlobal
